// !$*UTF8*$!
{
	archiveVersion = 1;
	classes = {
	};
	objectVersion = 50;
	objects = {

/* Begin PBXBuildFile section */
		3E8837392227100A003B9486 /* AppDelegate.swift in Sources */ = {isa = PBXBuildFile; fileRef = 3E8837382227100A003B9486 /* AppDelegate.swift */; };
		3E88373B2227100A003B9486 /* ViewController.swift in Sources */ = {isa = PBXBuildFile; fileRef = 3E88373A2227100A003B9486 /* ViewController.swift */; };
		3E88373E2227100A003B9486 /* Main.storyboard in Resources */ = {isa = PBXBuildFile; fileRef = 3E88373C2227100A003B9486 /* Main.storyboard */; };
		3E8837402227100A003B9486 /* Assets.xcassets in Resources */ = {isa = PBXBuildFile; fileRef = 3E88373F2227100A003B9486 /* Assets.xcassets */; };
		3E8837432227100A003B9486 /* LaunchScreen.storyboard in Resources */ = {isa = PBXBuildFile; fileRef = 3E8837412227100A003B9486 /* LaunchScreen.storyboard */; };
		3E88374E2227100A003B9486 /* ScoresTests.swift in Sources */ = {isa = PBXBuildFile; fileRef = 3E88374D2227100A003B9486 /* ScoresTests.swift */; };
		3E8837592227100A003B9486 /* ScoresUITests.swift in Sources */ = {isa = PBXBuildFile; fileRef = 3E8837582227100A003B9486 /* ScoresUITests.swift */; };
		3E8837672227101E003B9486 /* Student.swift in Sources */ = {isa = PBXBuildFile; fileRef = 3E8837662227101E003B9486 /* Student.swift */; };
		3EA24C8A222DCAB900DAAC8D /* Student Record.swift in Sources */ = {isa = PBXBuildFile; fileRef = 3EA24C89222DCAB900DAAC8D /* Student Record.swift */; };
		3EA24C8C222DCB2500DAAC8D /* Student Record Controller.swift in Sources */ = {isa = PBXBuildFile; fileRef = 3EA24C8B222DCB2500DAAC8D /* Student Record Controller.swift */; };
		3EC89E1922382D7000AB9EF4 /* ChangeGrade.swift in Sources */ = {isa = PBXBuildFile; fileRef = 3EC89E1822382D7000AB9EF4 /* ChangeGrade.swift */; };
/* End PBXBuildFile section */

/* Begin PBXContainerItemProxy section */
		3E88374A2227100A003B9486 /* PBXContainerItemProxy */ = {
			isa = PBXContainerItemProxy;
			containerPortal = 3E88372D2227100A003B9486 /* Project object */;
			proxyType = 1;
			remoteGlobalIDString = 3E8837342227100A003B9486;
			remoteInfo = Scores;
		};
		3E8837552227100A003B9486 /* PBXContainerItemProxy */ = {
			isa = PBXContainerItemProxy;
			containerPortal = 3E88372D2227100A003B9486 /* Project object */;
			proxyType = 1;
			remoteGlobalIDString = 3E8837342227100A003B9486;
			remoteInfo = Scores;
		};
/* End PBXContainerItemProxy section */

/* Begin PBXFileReference section */
		3E8837352227100A003B9486 /* Scores.app */ = {isa = PBXFileReference; explicitFileType = wrapper.application; includeInIndex = 0; path = Scores.app; sourceTree = BUILT_PRODUCTS_DIR; };
		3E8837382227100A003B9486 /* AppDelegate.swift */ = {isa = PBXFileReference; lastKnownFileType = sourcecode.swift; path = AppDelegate.swift; sourceTree = "<group>"; };
		3E88373A2227100A003B9486 /* ViewController.swift */ = {isa = PBXFileReference; lastKnownFileType = sourcecode.swift; path = ViewController.swift; sourceTree = "<group>"; };
		3E88373D2227100A003B9486 /* Base */ = {isa = PBXFileReference; lastKnownFileType = file.storyboard; name = Base; path = Base.lproj/Main.storyboard; sourceTree = "<group>"; };
		3E88373F2227100A003B9486 /* Assets.xcassets */ = {isa = PBXFileReference; lastKnownFileType = folder.assetcatalog; path = Assets.xcassets; sourceTree = "<group>"; };
		3E8837422227100A003B9486 /* Base */ = {isa = PBXFileReference; lastKnownFileType = file.storyboard; name = Base; path = Base.lproj/LaunchScreen.storyboard; sourceTree = "<group>"; };
		3E8837442227100A003B9486 /* Info.plist */ = {isa = PBXFileReference; lastKnownFileType = text.plist.xml; path = Info.plist; sourceTree = "<group>"; };
		3E8837492227100A003B9486 /* ScoresTests.xctest */ = {isa = PBXFileReference; explicitFileType = wrapper.cfbundle; includeInIndex = 0; path = ScoresTests.xctest; sourceTree = BUILT_PRODUCTS_DIR; };
		3E88374D2227100A003B9486 /* ScoresTests.swift */ = {isa = PBXFileReference; lastKnownFileType = sourcecode.swift; path = ScoresTests.swift; sourceTree = "<group>"; };
		3E88374F2227100A003B9486 /* Info.plist */ = {isa = PBXFileReference; lastKnownFileType = text.plist.xml; path = Info.plist; sourceTree = "<group>"; };
		3E8837542227100A003B9486 /* ScoresUITests.xctest */ = {isa = PBXFileReference; explicitFileType = wrapper.cfbundle; includeInIndex = 0; path = ScoresUITests.xctest; sourceTree = BUILT_PRODUCTS_DIR; };
		3E8837582227100A003B9486 /* ScoresUITests.swift */ = {isa = PBXFileReference; lastKnownFileType = sourcecode.swift; path = ScoresUITests.swift; sourceTree = "<group>"; };
		3E88375A2227100A003B9486 /* Info.plist */ = {isa = PBXFileReference; lastKnownFileType = text.plist.xml; path = Info.plist; sourceTree = "<group>"; };
		3E8837662227101E003B9486 /* Student.swift */ = {isa = PBXFileReference; lastKnownFileType = sourcecode.swift; path = Student.swift; sourceTree = "<group>"; };
		3EA24C89222DCAB900DAAC8D /* Student Record.swift */ = {isa = PBXFileReference; lastKnownFileType = sourcecode.swift; path = "Student Record.swift"; sourceTree = "<group>"; };
		3EA24C8B222DCB2500DAAC8D /* Student Record Controller.swift */ = {isa = PBXFileReference; lastKnownFileType = sourcecode.swift; path = "Student Record Controller.swift"; sourceTree = "<group>"; };
		3EC89E1822382D7000AB9EF4 /* ChangeGrade.swift */ = {isa = PBXFileReference; lastKnownFileType = sourcecode.swift; path = ChangeGrade.swift; sourceTree = "<group>"; };
/* End PBXFileReference section */

/* Begin PBXFrameworksBuildPhase section */
		3E8837322227100A003B9486 /* Frameworks */ = {
			isa = PBXFrameworksBuildPhase;
			buildActionMask = 2147483647;
			files = (
			);
			runOnlyForDeploymentPostprocessing = 0;
		};
		3E8837462227100A003B9486 /* Frameworks */ = {
			isa = PBXFrameworksBuildPhase;
			buildActionMask = 2147483647;
			files = (
			);
			runOnlyForDeploymentPostprocessing = 0;
		};
		3E8837512227100A003B9486 /* Frameworks */ = {
			isa = PBXFrameworksBuildPhase;
			buildActionMask = 2147483647;
			files = (
			);
			runOnlyForDeploymentPostprocessing = 0;
		};
/* End PBXFrameworksBuildPhase section */

/* Begin PBXGroup section */
		3E88372C2227100A003B9486 = {
			isa = PBXGroup;
			children = (
				3E8837372227100A003B9486 /* Scores */,
				3E88374C2227100A003B9486 /* ScoresTests */,
				3E8837572227100A003B9486 /* ScoresUITests */,
				3E8837362227100A003B9486 /* Products */,
			);
			sourceTree = "<group>";
		};
		3E8837362227100A003B9486 /* Products */ = {
			isa = PBXGroup;
			children = (
				3E8837352227100A003B9486 /* Scores.app */,
				3E8837492227100A003B9486 /* ScoresTests.xctest */,
				3E8837542227100A003B9486 /* ScoresUITests.xctest */,
			);
			name = Products;
			sourceTree = "<group>";
		};
		3E8837372227100A003B9486 /* Scores */ = {
			isa = PBXGroup;
			children = (
				3E8837382227100A003B9486 /* AppDelegate.swift */,
				3E88373A2227100A003B9486 /* ViewController.swift */,
				3E88373C2227100A003B9486 /* Main.storyboard */,
				3EC89E1822382D7000AB9EF4 /* ChangeGrade.swift */,
				3E8837662227101E003B9486 /* Student.swift */,
				3EA24C89222DCAB900DAAC8D /* Student Record.swift */,
				3EA24C8B222DCB2500DAAC8D /* Student Record Controller.swift */,
				3E88373F2227100A003B9486 /* Assets.xcassets */,
				3E8837412227100A003B9486 /* LaunchScreen.storyboard */,
				3E8837442227100A003B9486 /* Info.plist */,
			);
			path = Scores;
			sourceTree = "<group>";
		};
		3E88374C2227100A003B9486 /* ScoresTests */ = {
			isa = PBXGroup;
			children = (
				3E88374D2227100A003B9486 /* ScoresTests.swift */,
				3E88374F2227100A003B9486 /* Info.plist */,
			);
			path = ScoresTests;
			sourceTree = "<group>";
		};
		3E8837572227100A003B9486 /* ScoresUITests */ = {
			isa = PBXGroup;
			children = (
				3E8837582227100A003B9486 /* ScoresUITests.swift */,
				3E88375A2227100A003B9486 /* Info.plist */,
			);
			path = ScoresUITests;
			sourceTree = "<group>";
		};
/* End PBXGroup section */

/* Begin PBXNativeTarget section */
		3E8837342227100A003B9486 /* Scores */ = {
			isa = PBXNativeTarget;
			buildConfigurationList = 3E88375D2227100A003B9486 /* Build configuration list for PBXNativeTarget "Scores" */;
			buildPhases = (
				3E8837312227100A003B9486 /* Sources */,
				3E8837322227100A003B9486 /* Frameworks */,
				3E8837332227100A003B9486 /* Resources */,
			);
			buildRules = (
			);
			dependencies = (
			);
			name = Scores;
			productName = Scores;
			productReference = 3E8837352227100A003B9486 /* Scores.app */;
			productType = "com.apple.product-type.application";
		};
		3E8837482227100A003B9486 /* ScoresTests */ = {
			isa = PBXNativeTarget;
			buildConfigurationList = 3E8837602227100A003B9486 /* Build configuration list for PBXNativeTarget "ScoresTests" */;
			buildPhases = (
				3E8837452227100A003B9486 /* Sources */,
				3E8837462227100A003B9486 /* Frameworks */,
				3E8837472227100A003B9486 /* Resources */,
			);
			buildRules = (
			);
			dependencies = (
				3E88374B2227100A003B9486 /* PBXTargetDependency */,
			);
			name = ScoresTests;
			productName = ScoresTests;
			productReference = 3E8837492227100A003B9486 /* ScoresTests.xctest */;
			productType = "com.apple.product-type.bundle.unit-test";
		};
		3E8837532227100A003B9486 /* ScoresUITests */ = {
			isa = PBXNativeTarget;
			buildConfigurationList = 3E8837632227100A003B9486 /* Build configuration list for PBXNativeTarget "ScoresUITests" */;
			buildPhases = (
				3E8837502227100A003B9486 /* Sources */,
				3E8837512227100A003B9486 /* Frameworks */,
				3E8837522227100A003B9486 /* Resources */,
			);
			buildRules = (
			);
			dependencies = (
				3E8837562227100A003B9486 /* PBXTargetDependency */,
			);
			name = ScoresUITests;
			productName = ScoresUITests;
			productReference = 3E8837542227100A003B9486 /* ScoresUITests.xctest */;
			productType = "com.apple.product-type.bundle.ui-testing";
		};
/* End PBXNativeTarget section */

/* Begin PBXProject section */
		3E88372D2227100A003B9486 /* Project object */ = {
			isa = PBXProject;
			attributes = {
				LastSwiftUpdateCheck = 1000;
				LastUpgradeCheck = 1000;
				ORGANIZATIONNAME = "Nicholas Yee";
				TargetAttributes = {
					3E8837342227100A003B9486 = {
						CreatedOnToolsVersion = 10.0;
					};
					3E8837482227100A003B9486 = {
						CreatedOnToolsVersion = 10.0;
						TestTargetID = 3E8837342227100A003B9486;
					};
					3E8837532227100A003B9486 = {
						CreatedOnToolsVersion = 10.0;
						TestTargetID = 3E8837342227100A003B9486;
					};
				};
			};
			buildConfigurationList = 3E8837302227100A003B9486 /* Build configuration list for PBXProject "Scores" */;
			compatibilityVersion = "Xcode 9.3";
			developmentRegion = en;
			hasScannedForEncodings = 0;
			knownRegions = (
				en,
				Base,
			);
			mainGroup = 3E88372C2227100A003B9486;
			productRefGroup = 3E8837362227100A003B9486 /* Products */;
			projectDirPath = "";
			projectRoot = "";
			targets = (
				3E8837342227100A003B9486 /* Scores */,
				3E8837482227100A003B9486 /* ScoresTests */,
				3E8837532227100A003B9486 /* ScoresUITests */,
			);
		};
/* End PBXProject section */

/* Begin PBXResourcesBuildPhase section */
		3E8837332227100A003B9486 /* Resources */ = {
			isa = PBXResourcesBuildPhase;
			buildActionMask = 2147483647;
			files = (
				3E8837432227100A003B9486 /* LaunchScreen.storyboard in Resources */,
				3E8837402227100A003B9486 /* Assets.xcassets in Resources */,
				3E88373E2227100A003B9486 /* Main.storyboard in Resources */,
			);
			runOnlyForDeploymentPostprocessing = 0;
		};
		3E8837472227100A003B9486 /* Resources */ = {
			isa = PBXResourcesBuildPhase;
			buildActionMask = 2147483647;
			files = (
			);
			runOnlyForDeploymentPostprocessing = 0;
		};
		3E8837522227100A003B9486 /* Resources */ = {
			isa = PBXResourcesBuildPhase;
			buildActionMask = 2147483647;
			files = (
			);
			runOnlyForDeploymentPostprocessing = 0;
		};
/* End PBXResourcesBuildPhase section */

/* Begin PBXSourcesBuildPhase section */
		3E8837312227100A003B9486 /* Sources */ = {
			isa = PBXSourcesBuildPhase;
			buildActionMask = 2147483647;
			files = (
				3EA24C8C222DCB2500DAAC8D /* Student Record Controller.swift in Sources */,
				3E88373B2227100A003B9486 /* ViewController.swift in Sources */,
				3EA24C8A222DCAB900DAAC8D /* Student Record.swift in Sources */,
				3EC89E1922382D7000AB9EF4 /* ChangeGrade.swift in Sources */,
				3E8837672227101E003B9486 /* Student.swift in Sources */,
				3E8837392227100A003B9486 /* AppDelegate.swift in Sources */,
			);
			runOnlyForDeploymentPostprocessing = 0;
		};
		3E8837452227100A003B9486 /* Sources */ = {
			isa = PBXSourcesBuildPhase;
			buildActionMask = 2147483647;
			files = (
				3E88374E2227100A003B9486 /* ScoresTests.swift in Sources */,
			);
			runOnlyForDeploymentPostprocessing = 0;
		};
		3E8837502227100A003B9486 /* Sources */ = {
			isa = PBXSourcesBuildPhase;
			buildActionMask = 2147483647;
			files = (
				3E8837592227100A003B9486 /* ScoresUITests.swift in Sources */,
			);
			runOnlyForDeploymentPostprocessing = 0;
		};
/* End PBXSourcesBuildPhase section */

/* Begin PBXTargetDependency section */
		3E88374B2227100A003B9486 /* PBXTargetDependency */ = {
			isa = PBXTargetDependency;
			target = 3E8837342227100A003B9486 /* Scores */;
			targetProxy = 3E88374A2227100A003B9486 /* PBXContainerItemProxy */;
		};
		3E8837562227100A003B9486 /* PBXTargetDependency */ = {
			isa = PBXTargetDependency;
			target = 3E8837342227100A003B9486 /* Scores */;
			targetProxy = 3E8837552227100A003B9486 /* PBXContainerItemProxy */;
		};
/* End PBXTargetDependency section */

/* Begin PBXVariantGroup section */
		3E88373C2227100A003B9486 /* Main.storyboard */ = {
			isa = PBXVariantGroup;
			children = (
				3E88373D2227100A003B9486 /* Base */,
			);
			name = Main.storyboard;
			sourceTree = "<group>";
		};
		3E8837412227100A003B9486 /* LaunchScreen.storyboard */ = {
			isa = PBXVariantGroup;
			children = (
				3E8837422227100A003B9486 /* Base */,
			);
			name = LaunchScreen.storyboard;
			sourceTree = "<group>";
		};
/* End PBXVariantGroup section */

/* Begin XCBuildConfiguration section */
		3E88375B2227100A003B9486 /* Debug */ = {
			isa = XCBuildConfiguration;
			buildSettings = {
				ALWAYS_SEARCH_USER_PATHS = NO;
				CLANG_ANALYZER_NONNULL = YES;
				CLANG_ANALYZER_NUMBER_OBJECT_CONVERSION = YES_AGGRESSIVE;
				CLANG_CXX_LANGUAGE_STANDARD = "gnu++14";
				CLANG_CXX_LIBRARY = "libc++";
				CLANG_ENABLE_MODULES = YES;
				CLANG_ENABLE_OBJC_ARC = YES;
				CLANG_ENABLE_OBJC_WEAK = YES;
				CLANG_WARN_BLOCK_CAPTURE_AUTORELEASING = YES;
				CLANG_WARN_BOOL_CONVERSION = YES;
				CLANG_WARN_COMMA = YES;
				CLANG_WARN_CONSTANT_CONVERSION = YES;
				CLANG_WARN_DEPRECATED_OBJC_IMPLEMENTATIONS = YES;
				CLANG_WARN_DIRECT_OBJC_ISA_USAGE = YES_ERROR;
				CLANG_WARN_DOCUMENTATION_COMMENTS = YES;
				CLANG_WARN_EMPTY_BODY = YES;
				CLANG_WARN_ENUM_CONVERSION = YES;
				CLANG_WARN_INFINITE_RECURSION = YES;
				CLANG_WARN_INT_CONVERSION = YES;
				CLANG_WARN_NON_LITERAL_NULL_CONVERSION = YES;
				CLANG_WARN_OBJC_IMPLICIT_RETAIN_SELF = YES;
				CLANG_WARN_OBJC_LITERAL_CONVERSION = YES;
				CLANG_WARN_OBJC_ROOT_CLASS = YES_ERROR;
				CLANG_WARN_RANGE_LOOP_ANALYSIS = YES;
				CLANG_WARN_STRICT_PROTOTYPES = YES;
				CLANG_WARN_SUSPICIOUS_MOVE = YES;
				CLANG_WARN_UNGUARDED_AVAILABILITY = YES_AGGRESSIVE;
				CLANG_WARN_UNREACHABLE_CODE = YES;
				CLANG_WARN__DUPLICATE_METHOD_MATCH = YES;
				CODE_SIGN_IDENTITY = "iPhone Developer";
				COPY_PHASE_STRIP = NO;
				DEBUG_INFORMATION_FORMAT = dwarf;
				ENABLE_STRICT_OBJC_MSGSEND = YES;
				ENABLE_TESTABILITY = YES;
				GCC_C_LANGUAGE_STANDARD = gnu11;
				GCC_DYNAMIC_NO_PIC = NO;
				GCC_NO_COMMON_BLOCKS = YES;
				GCC_OPTIMIZATION_LEVEL = 0;
				GCC_PREPROCESSOR_DEFINITIONS = (
					"DEBUG=1",
					"$(inherited)",
				);
				GCC_WARN_64_TO_32_BIT_CONVERSION = YES;
				GCC_WARN_ABOUT_RETURN_TYPE = YES_ERROR;
				GCC_WARN_UNDECLARED_SELECTOR = YES;
				GCC_WARN_UNINITIALIZED_AUTOS = YES_AGGRESSIVE;
				GCC_WARN_UNUSED_FUNCTION = YES;
				GCC_WARN_UNUSED_VARIABLE = YES;
				IPHONEOS_DEPLOYMENT_TARGET = 12.0;
				MTL_ENABLE_DEBUG_INFO = INCLUDE_SOURCE;
				MTL_FAST_MATH = YES;
				ONLY_ACTIVE_ARCH = YES;
				SDKROOT = iphoneos;
				SWIFT_ACTIVE_COMPILATION_CONDITIONS = DEBUG;
				SWIFT_OPTIMIZATION_LEVEL = "-Onone";
			};
			name = Debug;
		};
		3E88375C2227100A003B9486 /* Release */ = {
			isa = XCBuildConfiguration;
			buildSettings = {
				ALWAYS_SEARCH_USER_PATHS = NO;
				CLANG_ANALYZER_NONNULL = YES;
				CLANG_ANALYZER_NUMBER_OBJECT_CONVERSION = YES_AGGRESSIVE;
				CLANG_CXX_LANGUAGE_STANDARD = "gnu++14";
				CLANG_CXX_LIBRARY = "libc++";
				CLANG_ENABLE_MODULES = YES;
				CLANG_ENABLE_OBJC_ARC = YES;
				CLANG_ENABLE_OBJC_WEAK = YES;
				CLANG_WARN_BLOCK_CAPTURE_AUTORELEASING = YES;
				CLANG_WARN_BOOL_CONVERSION = YES;
				CLANG_WARN_COMMA = YES;
				CLANG_WARN_CONSTANT_CONVERSION = YES;
				CLANG_WARN_DEPRECATED_OBJC_IMPLEMENTATIONS = YES;
				CLANG_WARN_DIRECT_OBJC_ISA_USAGE = YES_ERROR;
				CLANG_WARN_DOCUMENTATION_COMMENTS = YES;
				CLANG_WARN_EMPTY_BODY = YES;
				CLANG_WARN_ENUM_CONVERSION = YES;
				CLANG_WARN_INFINITE_RECURSION = YES;
				CLANG_WARN_INT_CONVERSION = YES;
				CLANG_WARN_NON_LITERAL_NULL_CONVERSION = YES;
				CLANG_WARN_OBJC_IMPLICIT_RETAIN_SELF = YES;
				CLANG_WARN_OBJC_LITERAL_CONVERSION = YES;
				CLANG_WARN_OBJC_ROOT_CLASS = YES_ERROR;
				CLANG_WARN_RANGE_LOOP_ANALYSIS = YES;
				CLANG_WARN_STRICT_PROTOTYPES = YES;
				CLANG_WARN_SUSPICIOUS_MOVE = YES;
				CLANG_WARN_UNGUARDED_AVAILABILITY = YES_AGGRESSIVE;
				CLANG_WARN_UNREACHABLE_CODE = YES;
				CLANG_WARN__DUPLICATE_METHOD_MATCH = YES;
				CODE_SIGN_IDENTITY = "iPhone Developer";
				COPY_PHASE_STRIP = NO;
				DEBUG_INFORMATION_FORMAT = "dwarf-with-dsym";
				ENABLE_NS_ASSERTIONS = NO;
				ENABLE_STRICT_OBJC_MSGSEND = YES;
				GCC_C_LANGUAGE_STANDARD = gnu11;
				GCC_NO_COMMON_BLOCKS = YES;
				GCC_WARN_64_TO_32_BIT_CONVERSION = YES;
				GCC_WARN_ABOUT_RETURN_TYPE = YES_ERROR;
				GCC_WARN_UNDECLARED_SELECTOR = YES;
				GCC_WARN_UNINITIALIZED_AUTOS = YES_AGGRESSIVE;
				GCC_WARN_UNUSED_FUNCTION = YES;
				GCC_WARN_UNUSED_VARIABLE = YES;
				IPHONEOS_DEPLOYMENT_TARGET = 12.0;
				MTL_ENABLE_DEBUG_INFO = NO;
				MTL_FAST_MATH = YES;
				SDKROOT = iphoneos;
				SWIFT_COMPILATION_MODE = wholemodule;
				SWIFT_OPTIMIZATION_LEVEL = "-O";
				VALIDATE_PRODUCT = YES;
			};
			name = Release;
		};
		3E88375E2227100A003B9486 /* Debug */ = {
			isa = XCBuildConfiguration;
			buildSettings = {
				ASSETCATALOG_COMPILER_APPICON_NAME = AppIcon;
				CODE_SIGN_STYLE = Automatic;
				INFOPLIST_FILE = Scores/Info.plist;
				LD_RUNPATH_SEARCH_PATHS = (
					"$(inherited)",
					"@executable_path/Frameworks",
				);
				PRODUCT_BUNDLE_IDENTIFIER = Fires.Scores;
				PRODUCT_NAME = "$(TARGET_NAME)";
				SWIFT_VERSION = 4.2;
				TARGETED_DEVICE_FAMILY = "1,2";
			};
			name = Debug;
		};
		3E88375F2227100A003B9486 /* Release */ = {
			isa = XCBuildConfiguration;
			buildSettings = {
				ASSETCATALOG_COMPILER_APPICON_NAME = AppIcon;
				CODE_SIGN_STYLE = Automatic;
				INFOPLIST_FILE = Scores/Info.plist;
				LD_RUNPATH_SEARCH_PATHS = (
					"$(inherited)",
					"@executable_path/Frameworks",
				);
				PRODUCT_BUNDLE_IDENTIFIER = Fires.Scores;
				PRODUCT_NAME = "$(TARGET_NAME)";
				SWIFT_VERSION = 4.2;
				TARGETED_DEVICE_FAMILY = "1,2";
			};
			name = Release;
		};
		3E8837612227100A003B9486 /* Debug */ = {
			isa = XCBuildConfiguration;
			buildSettings = {
				ALWAYS_EMBED_SWIFT_STANDARD_LIBRARIES = YES;
				BUNDLE_LOADER = "$(TEST_HOST)";
				CODE_SIGN_STYLE = Automatic;
				INFOPLIST_FILE = ScoresTests/Info.plist;
				LD_RUNPATH_SEARCH_PATHS = (
					"$(inherited)",
					"@executable_path/Frameworks",
					"@loader_path/Frameworks",
				);
				PRODUCT_BUNDLE_IDENTIFIER = Fires.ScoresTests;
				PRODUCT_NAME = "$(TARGET_NAME)";
				SWIFT_VERSION = 4.2;
				TARGETED_DEVICE_FAMILY = "1,2";
				TEST_HOST = "$(BUILT_PRODUCTS_DIR)/Scores.app/Scores";
			};
			name = Debug;
		};
		3E8837622227100A003B9486 /* Release */ = {
			isa = XCBuildConfiguration;
			buildSettings = {
				ALWAYS_EMBED_SWIFT_STANDARD_LIBRARIES = YES;
				BUNDLE_LOADER = "$(TEST_HOST)";
				CODE_SIGN_STYLE = Automatic;
				INFOPLIST_FILE = ScoresTests/Info.plist;
				LD_RUNPATH_SEARCH_PATHS = (
					"$(inherited)",
					"@executable_path/Frameworks",
					"@loader_path/Frameworks",
				);
				PRODUCT_BUNDLE_IDENTIFIER = Fires.ScoresTests;
				PRODUCT_NAME = "$(TARGET_NAME)";
				SWIFT_VERSION = 4.2;
				TARGETED_DEVICE_FAMILY = "1,2";
				TEST_HOST = "$(BUILT_PRODUCTS_DIR)/Scores.app/Scores";
			};
			name = Release;
		};
		3E8837642227100A003B9486 /* Debug */ = {
			isa = XCBuildConfiguration;
			buildSettings = {
				ALWAYS_EMBED_SWIFT_STANDARD_LIBRARIES = YES;
				CODE_SIGN_STYLE = Automatic;
				INFOPLIST_FILE = ScoresUITests/Info.plist;
				LD_RUNPATH_SEARCH_PATHS = (
					"$(inherited)",
					"@executable_path/Frameworks",
					"@loader_path/Frameworks",
				);
				PRODUCT_BUNDLE_IDENTIFIER = Fires.ScoresUITests;
				PRODUCT_NAME = "$(TARGET_NAME)";
				SWIFT_VERSION = 4.2;
				TARGETED_DEVICE_FAMILY = "1,2";
				TEST_TARGET_NAME = Scores;
			};
			name = Debug;
		};
		3E8837652227100A003B9486 /* Release */ = {
			isa = XCBuildConfiguration;
			buildSettings = {
				ALWAYS_EMBED_SWIFT_STANDARD_LIBRARIES = YES;
				CODE_SIGN_STYLE = Automatic;
				INFOPLIST_FILE = ScoresUITests/Info.plist;
				LD_RUNPATH_SEARCH_PATHS = (
					"$(inherited)",
					"@executable_path/Frameworks",
					"@loader_path/Frameworks",
				);
				PRODUCT_BUNDLE_IDENTIFIER = Fires.ScoresUITests;
				PRODUCT_NAME = "$(TARGET_NAME)";
				SWIFT_VERSION = 4.2;
				TARGETED_DEVICE_FAMILY = "1,2";
				TEST_TARGET_NAME = Scores;
			};
			name = Release;
		};
/* End XCBuildConfiguration section */

/* Begin XCConfigurationList section */
		3E8837302227100A003B9486 /* Build configuration list for PBXProject "Scores" */ = {
			isa = XCConfigurationList;
			buildConfigurations = (
				3E88375B2227100A003B9486 /* Debug */,
				3E88375C2227100A003B9486 /* Release */,
			);
			defaultConfigurationIsVisible = 0;
			defaultConfigurationName = Release;
		};
		3E88375D2227100A003B9486 /* Build configuration list for PBXNativeTarget "Scores" */ = {
			isa = XCConfigurationList;
			buildConfigurations = (
				3E88375E2227100A003B9486 /* Debug */,
				3E88375F2227100A003B9486 /* Release */,
			);
			defaultConfigurationIsVisible = 0;
			defaultConfigurationName = Release;
		};
		3E8837602227100A003B9486 /* Build configuration list for PBXNativeTarget "ScoresTests" */ = {
			isa = XCConfigurationList;
			buildConfigurations = (
				3E8837612227100A003B9486 /* Debug */,
				3E8837622227100A003B9486 /* Release */,
			);
			defaultConfigurationIsVisible = 0;
			defaultConfigurationName = Release;
		};
		3E8837632227100A003B9486 /* Build configuration list for PBXNativeTarget "ScoresUITests" */ = {
			isa = XCConfigurationList;
			buildConfigurations = (
				3E8837642227100A003B9486 /* Debug */,
				3E8837652227100A003B9486 /* Release */,
			);
			defaultConfigurationIsVisible = 0;
			defaultConfigurationName = Release;
		};
/* End XCConfigurationList section */
	};
	rootObject = 3E88372D2227100A003B9486 /* Project object */;
}
